
Microsoft Visual Studio Solution File, Format Version 12.00
# Visual Studio Version 16
VisualStudioVersion = 16.0.30804.86
MinimumVisualStudioVersion = 10.0.40219.1
Project("{FAE04EC0-301F-11D3-BF4B-00C04F79EFBC}") = "UdemyNLayerProject.API", "UdemyNLayerProject.API\UdemyNLayerProject.API.csproj", "{826AF6A6-BBEA-4325-B205-6419261F5061}"
EndProject
Project("{FAE04EC0-301F-11D3-BF4B-00C04F79EFBC}") = "UdemyNLayerProject.Core", "UdemyNLayerProject.Core\UdemyNLayerProject.Core.csproj", "{C87448BA-B7A4-42C8-9AA0-092A4F40802F}"
EndProject
Project("{FAE04EC0-301F-11D3-BF4B-00C04F79EFBC}") = "UdemyNLayerProject.Data", "UdemyNLayerProject.Data\UdemyNLayerProject.Data.csproj", "{94138F54-BCFE-4EAD-A031-C91C1D637A16}"
EndProject
Project("{FAE04EC0-301F-11D3-BF4B-00C04F79EFBC}") = "UdemyNLayerProject.Service", "UdemyNLayerProject.Service\UdemyNLayerProject.Service.csproj", "{94EF9073-C85F-4C9A-9B97-B76B1378A8ED}"
EndProject
Global
	GlobalSection(SolutionConfigurationPlatforms) = preSolution
		Debug|Any CPU = Debug|Any CPU
		Release|Any CPU = Release|Any CPU
	EndGlobalSection
	GlobalSection(ProjectConfigurationPlatforms) = postSolution
		{826AF6A6-BBEA-4325-B205-6419261F5061}.Debug|Any CPU.ActiveCfg = Debug|Any CPU
		{826AF6A6-BBEA-4325-B205-6419261F5061}.Debug|Any CPU.Build.0 = Debug|Any CPU
		{826AF6A6-BBEA-4325-B205-6419261F5061}.Release|Any CPU.ActiveCfg = Release|Any CPU
		{826AF6A6-BBEA-4325-B205-6419261F5061}.Release|Any CPU.Build.0 = Release|Any CPU
		{C87448BA-B7A4-42C8-9AA0-092A4F40802F}.Debug|Any CPU.ActiveCfg = Debug|Any CPU
		{C87448BA-B7A4-42C8-9AA0-092A4F40802F}.Debug|Any CPU.Build.0 = Debug|Any CPU
		{C87448BA-B7A4-42C8-9AA0-092A4F40802F}.Release|Any CPU.ActiveCfg = Release|Any CPU
		{C87448BA-B7A4-42C8-9AA0-092A4F40802F}.Release|Any CPU.Build.0 = Release|Any CPU
		{94138F54-BCFE-4EAD-A031-C91C1D637A16}.Debug|Any CPU.ActiveCfg = Debug|Any CPU
		{94138F54-BCFE-4EAD-A031-C91C1D637A16}.Debug|Any CPU.Build.0 = Debug|Any CPU
		{94138F54-BCFE-4EAD-A031-C91C1D637A16}.Release|Any CPU.ActiveCfg = Release|Any CPU
		{94138F54-BCFE-4EAD-A031-C91C1D637A16}.Release|Any CPU.Build.0 = Release|Any CPU
		{94EF9073-C85F-4C9A-9B97-B76B1378A8ED}.Debug|Any CPU.ActiveCfg = Debug|Any CPU
		{94EF9073-C85F-4C9A-9B97-B76B1378A8ED}.Debug|Any CPU.Build.0 = Debug|Any CPU
		{94EF9073-C85F-4C9A-9B97-B76B1378A8ED}.Release|Any CPU.ActiveCfg = Release|Any CPU
		{94EF9073-C85F-4C9A-9B97-B76B1378A8ED}.Release|Any CPU.Build.0 = Release|Any CPU
	EndGlobalSection
	GlobalSection(SolutionProperties) = preSolution
		HideSolutionNode = FALSE
	EndGlobalSection
	GlobalSection(ExtensibilityGlobals) = postSolution
		SolutionGuid = {4BFA4954-6877-45FC-B41E-C2662DDFC326}
	EndGlobalSection
EndGlobal
